{
    "_meta": {
        "hash": {
            "sha256": "af534d0f72f1369c91f59000174127919e5b4925ec374fbaad7ec91d6600aaf6"
        },
        "pipfile-spec": 6,
        "requires": {
            "python_version": "3.13"
        },
        "sources": [
            {
                "name": "pypi",
                "url": "https://pypi.org/simple",
                "verify_ssl": true
            }
        ]
    },
    "default": {
        "PyJWT": "*",
        "Quart-CORS": "*",
        "aioquic": "*",
        "beautifulsoup4": "*",
        "databricks-sdk": "*",
        "deepagents": "*",
        "google-genai": "*",
        "hypercorn": {
            "extras": [
                "h3",
                "trio"
            ],
            "version": "*"
        },
        "jsonpickle": "*",
        "langchain": {
            "extras": [
                "google-genai"
            ]
        },
        "langchain-community": "*",
        "langchain-core": "*",
        "langchain-google-genai": "*",
        "langchain-neo4j": "*",
        "langchain-ollama": "*",
        "langchain-postgres": "*",
        "langchain-text-splitters": "*",
        "langgraph": "*",
        "langgraph-checkpoint-postgres": "*",
        "mlflow": "*",
        "neo4j": "*",
        "pillow": "*",
        "psycopg": {
            "extras": [
                "binary",
                "pool"
            ],
            "version": "*"
        },
        "pydantic": {
            "extras": [
                "email"
            ],
            "version": "*"
        },
        "python-dotenv": "*",
        "quart": "*",
        "quart-bcrypt": "*",
        "quart-trio": "*",
        "quart-wtforms": "*",
        "retry": "*",
        "uuid7": "*",
        "vertexai": "*"
    },
    "develop": {
        "langgraph-cli": {
            "extras": [
                "inmem"
            ],
            "version": "*"
        },
        "pytest": "*",
        "pytest-asyncio": "*",
        "pytest-flask": "*"
    }
}
